{
  "version": 4,
  "terraform_version": "1.2.4",
  "serial": 229,
  "lineage": "df04ec57-0431-0bae-b2c8-8d8f73158065",
  "outputs": {
    "Log-Workspace": {
      "value": "log-ana-work",
      "type": "string"
    },
    "Storage_Account": {
      "value": "storageaccgroup1",
      "type": "string"
    },
    "Subnet1": {
      "value": "/subscriptions/5b7f809a-a927-4d08-a194-fdc26a51e798/resourceGroups/rg_name/providers/Microsoft.Network/virtualNetworks/vnet/subnets/subnet_name",
      "type": "string"
    },
    "post_server": {
      "value": "postgresql-server-group1",
      "type": "string"
    },
    "private_ips_linux": {
      "value": [
        [
          "10.0.1.4",
          "10.0.1.5"
        ]
      ],
      "type": [
        "tuple",
        [
          [
            "tuple",
            [
              "string",
              "string"
            ]
          ]
        ]
      ]
    },
    "private_ips_windows": {
      "value": [
        "10.0.1.6"
      ],
      "type": [
        "tuple",
        [
          "string"
        ]
      ]
    },
    "public_ips_linux": {
      "value": [
        [
          "",
          ""
        ]
      ],
      "type": [
        "tuple",
        [
          [
            "tuple",
            [
              "string",
              "string"
            ]
          ]
        ]
      ]
    },
    "public_ips_windows": {
      "value": [
        "20.116.31.138"
      ],
      "type": [
        "tuple",
        [
          "string"
        ]
      ]
    },
    "resource_group_name": {
      "value": "rg_name",
      "type": "string"
    },
    "storage_container": {
      "value": "content",
      "type": "string"
    },
    "vm_hostname_main": {
      "value": [
        [
          "group1-linux-vm1",
          "group1-linux-vm2"
        ]
      ],
      "type": [
        "tuple",
        [
          [
            "tuple",
            [
              "string",
              "string"
            ]
          ]
        ]
      ]
    },
    "vm_hostname_main_windows": {
      "value": [
        "group1-win-vm1"
      ],
      "type": [
        "tuple",
        [
          "string"
        ]
      ]
    },
    "vnet": {
      "value": {
        "address_space": [
          "10.0.0.0/16"
        ],
        "bgp_community": "",
        "ddos_protection_plan": [],
        "dns_servers": [
          "10.0.0.4",
          "10.0.0.5"
        ],
        "flow_timeout_in_minutes": 0,
        "guid": "b4cb2f1b-6ce4-46fd-8b23-7c2086087a83",
        "id": "/subscriptions/5b7f809a-a927-4d08-a194-fdc26a51e798/resourceGroups/rg_name/providers/Microsoft.Network/virtualNetworks/vnet",
        "location": "canadacentral",
        "name": "vnet",
        "resource_group_name": "rg_name",
        "subnet": [],
        "tags": null,
        "timeouts": null,
        "vm_protection_enabled": false
      },
      "type": [
        "object",
        {
          "address_space": [
            "list",
            "string"
          ],
          "bgp_community": "string",
          "ddos_protection_plan": [
            "list",
            [
              "object",
              {
                "enable": "bool",
                "id": "string"
              }
            ]
          ],
          "dns_servers": [
            "list",
            "string"
          ],
          "flow_timeout_in_minutes": "number",
          "guid": "string",
          "id": "string",
          "location": "string",
          "name": "string",
          "resource_group_name": "string",
          "subnet": [
            "set",
            [
              "object",
              {
                "address_prefix": "string",
                "id": "string",
                "name": "string",
                "security_group": "string"
              }
            ]
          ],
          "tags": [
            "map",
            "string"
          ],
          "timeouts": [
            "object",
            {
              "create": "string",
              "delete": "string",
              "read": "string",
              "update": "string"
            }
          ],
          "vm_protection_enabled": "bool"
        }
      ]
    }
  },
  "resources": [
    {
      "module": "module.common",
      "mode": "managed",
      "type": "azurerm_log_analytics_workspace",
      "name": "log-ana-work",
      "provider": "provider[\"registry.terraform.io/hashicorp/azurerm\"]",
      "instances": [
        {
          "schema_version": 2,
          "attributes": {
            "daily_quota_gb": -1,
            "id": "/subscriptions/5b7f809a-a927-4d08-a194-fdc26a51e798/resourceGroups/rg_name/providers/Microsoft.OperationalInsights/workspaces/log-ana-work",
            "internet_ingestion_enabled": true,
            "internet_query_enabled": true,
            "location": "canadacentral",
            "name": "log-ana-work",
            "portal_url": "",
            "primary_shared_key": "M18T7An+hCpw3pwFj9+2iAcNEKXcRKjCtNq5TOdzGs7rzjJWHxqtPcZVenHL9tI2+rNtavXOpw3/j7b2zIYdFg==",
            "reservation_capacity_in_gb_per_day": null,
            "reservation_capcity_in_gb_per_day": null,
            "resource_group_name": "rg_name",
            "retention_in_days": 30,
            "secondary_shared_key": "N+gYWv9B1qm/ws+N1Be3uqqeNLvP/7FsYxK1urzdsaZERNKBUjdE00LwgXlLUiO/GmKDD28YjJJdHXdOrtwT1w==",
            "sku": "PerGB2018",
            "tags": null,
            "timeouts": null,
            "workspace_id": "2e47ea48-035d-46cb-966b-6716db263059"
          },
          "sensitive_attributes": [],
          "private": "eyJlMmJmYjczMC1lY2FhLTExZTYtOGY4OC0zNDM2M2JjN2M0YzAiOnsiY3JlYXRlIjoxODAwMDAwMDAwMDAwLCJkZWxldGUiOjE4MDAwMDAwMDAwMDAsInJlYWQiOjMwMDAwMDAwMDAwMCwidXBkYXRlIjoxODAwMDAwMDAwMDAwfSwic2NoZW1hX3ZlcnNpb24iOiIyIn0=",
          "dependencies": [
            "module.resource_group_name.azurerm_resource_group.rg_name"
          ]
        }
      ]
    },
    {
      "module": "module.common",
      "mode": "managed",
      "type": "azurerm_recovery_services_vault",
      "name": "vault",
      "provider": "provider[\"registry.terraform.io/hashicorp/azurerm\"]",
      "instances": [
        {
          "schema_version": 0,
          "attributes": {
            "encryption": [],
            "id": "/subscriptions/5b7f809a-a927-4d08-a194-fdc26a51e798/resourceGroups/rg_name/providers/Microsoft.RecoveryServices/vaults/vault",
            "identity": [],
            "location": "canadacentral",
            "name": "vault",
            "resource_group_name": "rg_name",
            "sku": "Standard",
            "soft_delete_enabled": true,
            "storage_mode_type": "GeoRedundant",
            "tags": null,
            "timeouts": null
          },
          "sensitive_attributes": [],
          "private": "eyJlMmJmYjczMC1lY2FhLTExZTYtOGY4OC0zNDM2M2JjN2M0YzAiOnsiY3JlYXRlIjoxODAwMDAwMDAwMDAwLCJkZWxldGUiOjE4MDAwMDAwMDAwMDAsInJlYWQiOjMwMDAwMDAwMDAwMCwidXBkYXRlIjoxODAwMDAwMDAwMDAwfX0=",
          "dependencies": [
            "module.resource_group_name.azurerm_resource_group.rg_name"
          ]
        }
      ]
    },
    {
      "module": "module.common",
      "mode": "managed",
      "type": "azurerm_storage_account",
      "name": "storage_acc1",
      "provider": "provider[\"registry.terraform.io/hashicorp/azurerm\"]",
      "instances": [
        {
          "schema_version": 2,
          "attributes": {
            "access_tier": "Hot",
            "account_kind": "StorageV2",
            "account_replication_type": "LRS",
            "account_tier": "Standard",
            "allow_blob_public_access": false,
            "azure_files_authentication": [],
            "blob_properties": [
              {
                "change_feed_enabled": false,
                "container_delete_retention_policy": [],
                "cors_rule": [],
                "default_service_version": "",
                "delete_retention_policy": [],
                "last_access_time_enabled": false,
                "versioning_enabled": false
              }
            ],
            "custom_domain": [],
            "enable_https_traffic_only": true,
            "id": "/subscriptions/5b7f809a-a927-4d08-a194-fdc26a51e798/resourceGroups/rg_name/providers/Microsoft.Storage/storageAccounts/storageaccgroup1",
            "identity": [],
            "infrastructure_encryption_enabled": false,
            "is_hns_enabled": false,
            "large_file_share_enabled": null,
            "location": "canadacentral",
            "min_tls_version": "TLS1_0",
            "name": "storageaccgroup1",
            "network_rules": [
              {
                "bypass": [
                  "AzureServices"
                ],
                "default_action": "Allow",
                "ip_rules": [],
                "private_link_access": [],
                "virtual_network_subnet_ids": []
              }
            ],
            "nfsv3_enabled": false,
            "primary_access_key": "OLZUP/dyq1oepx/l5DkwxAnDEJRkUSy6xzMuwTIk4AgCC0hDNyvxIWdjJYbW4TA6Zmtc9+tBh2wJ+ASt2m78ag==",
            "primary_blob_connection_string": "DefaultEndpointsProtocol=https;BlobEndpoint=https://storageaccgroup1.blob.core.windows.net/;AccountName=storageaccgroup1;AccountKey=OLZUP/dyq1oepx/l5DkwxAnDEJRkUSy6xzMuwTIk4AgCC0hDNyvxIWdjJYbW4TA6Zmtc9+tBh2wJ+ASt2m78ag==",
            "primary_blob_endpoint": "https://storageaccgroup1.blob.core.windows.net/",
            "primary_blob_host": "storageaccgroup1.blob.core.windows.net",
            "primary_connection_string": "DefaultEndpointsProtocol=https;AccountName=storageaccgroup1;AccountKey=OLZUP/dyq1oepx/l5DkwxAnDEJRkUSy6xzMuwTIk4AgCC0hDNyvxIWdjJYbW4TA6Zmtc9+tBh2wJ+ASt2m78ag==;EndpointSuffix=core.windows.net",
            "primary_dfs_endpoint": "https://storageaccgroup1.dfs.core.windows.net/",
            "primary_dfs_host": "storageaccgroup1.dfs.core.windows.net",
            "primary_file_endpoint": "https://storageaccgroup1.file.core.windows.net/",
            "primary_file_host": "storageaccgroup1.file.core.windows.net",
            "primary_location": "canadacentral",
            "primary_queue_endpoint": "https://storageaccgroup1.queue.core.windows.net/",
            "primary_queue_host": "storageaccgroup1.queue.core.windows.net",
            "primary_table_endpoint": "https://storageaccgroup1.table.core.windows.net/",
            "primary_table_host": "storageaccgroup1.table.core.windows.net",
            "primary_web_endpoint": "https://storageaccgroup1.z9.web.core.windows.net/",
            "primary_web_host": "storageaccgroup1.z9.web.core.windows.net",
            "queue_encryption_key_type": "Service",
            "queue_properties": [
              {
                "cors_rule": [],
                "hour_metrics": [
                  {
                    "enabled": true,
                    "include_apis": true,
                    "retention_policy_days": 7,
                    "version": "1.0"
                  }
                ],
                "logging": [
                  {
                    "delete": false,
                    "read": false,
                    "retention_policy_days": 0,
                    "version": "1.0",
                    "write": false
                  }
                ],
                "minute_metrics": [
                  {
                    "enabled": false,
                    "include_apis": false,
                    "retention_policy_days": 0,
                    "version": "1.0"
                  }
                ]
              }
            ],
            "resource_group_name": "rg_name",
            "routing": [],
            "secondary_access_key": "9PcmVFV2PHJx+bvDmgsZWzv1GLwtOmA2pMZ1XJ2lMdLsUGrv5nDJBL1s+aX2MlzvlDPOVJxg6I0Y+AStlD7cIg==",
            "secondary_blob_connection_string": "",
            "secondary_blob_endpoint": null,
            "secondary_blob_host": null,
            "secondary_connection_string": "DefaultEndpointsProtocol=https;AccountName=storageaccgroup1;AccountKey=9PcmVFV2PHJx+bvDmgsZWzv1GLwtOmA2pMZ1XJ2lMdLsUGrv5nDJBL1s+aX2MlzvlDPOVJxg6I0Y+AStlD7cIg==;EndpointSuffix=core.windows.net",
            "secondary_dfs_endpoint": null,
            "secondary_dfs_host": null,
            "secondary_file_endpoint": null,
            "secondary_file_host": null,
            "secondary_location": "",
            "secondary_queue_endpoint": null,
            "secondary_queue_host": null,
            "secondary_table_endpoint": null,
            "secondary_table_host": null,
            "secondary_web_endpoint": null,
            "secondary_web_host": null,
            "share_properties": [
              {
                "cors_rule": [],
                "retention_policy": [
                  {
                    "days": 7
                  }
                ],
                "smb": []
              }
            ],
            "shared_access_key_enabled": true,
            "static_website": [],
            "table_encryption_key_type": "Service",
            "tags": null,
            "timeouts": null
          },
          "sensitive_attributes": [],
          "private": "eyJlMmJmYjczMC1lY2FhLTExZTYtOGY4OC0zNDM2M2JjN2M0YzAiOnsiY3JlYXRlIjozNjAwMDAwMDAwMDAwLCJkZWxldGUiOjM2MDAwMDAwMDAwMDAsInJlYWQiOjMwMDAwMDAwMDAwMCwidXBkYXRlIjozNjAwMDAwMDAwMDAwfSwic2NoZW1hX3ZlcnNpb24iOiIyIn0=",
          "dependencies": [
            "module.resource_group_name.azurerm_resource_group.rg_name"
          ]
        }
      ]
    },
    {
      "module": "module.common",
      "mode": "managed",
      "type": "azurerm_storage_blob",
      "name": "stor_blob",
      "provider": "provider[\"registry.terraform.io/hashicorp/azurerm\"]",
      "instances": [
        {
          "schema_version": 1,
          "attributes": {
            "access_tier": "Hot",
            "cache_control": "",
            "content_md5": "",
            "content_type": "application/octet-stream",
            "id": "https://storageaccgroup1.blob.core.windows.net/content/stor_blob",
            "metadata": {},
            "name": "stor_blob",
            "parallelism": 8,
            "size": 0,
            "source": null,
            "source_content": null,
            "source_uri": null,
            "storage_account_name": "storageaccgroup1",
            "storage_container_name": "content",
            "timeouts": null,
            "type": "Block",
            "url": "https://storageaccgroup1.blob.core.windows.net/content/stor_blob"
          },
          "sensitive_attributes": [],
          "private": "eyJlMmJmYjczMC1lY2FhLTExZTYtOGY4OC0zNDM2M2JjN2M0YzAiOnsiY3JlYXRlIjoxODAwMDAwMDAwMDAwLCJkZWxldGUiOjE4MDAwMDAwMDAwMDAsInJlYWQiOjMwMDAwMDAwMDAwMCwidXBkYXRlIjoxODAwMDAwMDAwMDAwfSwic2NoZW1hX3ZlcnNpb24iOiIxIn0=",
          "dependencies": [
            "module.common.azurerm_storage_account.storage_acc1",
            "module.common.azurerm_storage_container.storage_container",
            "module.resource_group_name.azurerm_resource_group.rg_name"
          ]
        }
      ]
    },
    {
      "module": "module.common",
      "mode": "managed",
      "type": "azurerm_storage_container",
      "name": "storage_container",
      "provider": "provider[\"registry.terraform.io/hashicorp/azurerm\"]",
      "instances": [
        {
          "schema_version": 1,
          "attributes": {
            "container_access_type": "private",
            "has_immutability_policy": false,
            "has_legal_hold": false,
            "id": "https://storageaccgroup1.blob.core.windows.net/content",
            "metadata": {},
            "name": "content",
            "resource_manager_id": "/subscriptions/5b7f809a-a927-4d08-a194-fdc26a51e798/resourceGroups/rg_name/providers/Microsoft.Storage/storageAccounts/storageaccgroup1/blobServices/default/containers/content",
            "storage_account_name": "storageaccgroup1",
            "timeouts": null
          },
          "sensitive_attributes": [],
          "private": "eyJlMmJmYjczMC1lY2FhLTExZTYtOGY4OC0zNDM2M2JjN2M0YzAiOnsiY3JlYXRlIjoxODAwMDAwMDAwMDAwLCJkZWxldGUiOjE4MDAwMDAwMDAwMDAsInJlYWQiOjMwMDAwMDAwMDAwMCwidXBkYXRlIjoxODAwMDAwMDAwMDAwfSwic2NoZW1hX3ZlcnNpb24iOiIxIn0=",
          "dependencies": [
            "module.common.azurerm_storage_account.storage_acc1",
            "module.resource_group_name.azurerm_resource_group.rg_name"
          ]
        }
      ]
    },
    {
      "module": "module.database",
      "mode": "managed",
      "type": "azurerm_postgresql_database",
      "name": "database",
      "provider": "provider[\"registry.terraform.io/hashicorp/azurerm\"]",
      "instances": [
        {
          "schema_version": 0,
          "attributes": {
            "charset": "UTF8",
            "collation": "English_United States.1252",
            "id": "/subscriptions/5b7f809a-a927-4d08-a194-fdc26a51e798/resourceGroups/rg_name/providers/Microsoft.DBforPostgreSQL/servers/postgresql-server-group1/databases/group3db",
            "name": "group3db",
            "resource_group_name": "rg_name",
            "server_name": "postgresql-server-group1",
            "timeouts": null
          },
          "sensitive_attributes": [],
          "private": "eyJlMmJmYjczMC1lY2FhLTExZTYtOGY4OC0zNDM2M2JjN2M0YzAiOnsiY3JlYXRlIjozNjAwMDAwMDAwMDAwLCJkZWxldGUiOjM2MDAwMDAwMDAwMDAsInJlYWQiOjMwMDAwMDAwMDAwMCwidXBkYXRlIjozNjAwMDAwMDAwMDAwfX0=",
          "dependencies": [
            "module.database.azurerm_postgresql_server.post_server",
            "module.linux.azurerm_availability_set.avset",
            "module.linux.azurerm_linux_virtual_machine.linux_vm",
            "module.linux.azurerm_network_interface.linux_nic",
            "module.linux.azurerm_public_ip.linux_pub_ip",
            "module.linux.null_resource.linux_provisioner",
            "module.loadbalancer.azurerm_lb.loadbalancer",
            "module.loadbalancer.azurerm_lb_backend_address_pool.backend_address_pool",
            "module.loadbalancer.azurerm_lb_probe.loadbalancer_probe",
            "module.loadbalancer.azurerm_lb_rule.loadbalancer_rule",
            "module.loadbalancer.azurerm_network_interface_backend_address_pool_association.loadbalancer_pool_association",
            "module.loadbalancer.azurerm_public_ip.loadbalancer-pubip",
            "module.network.azurerm_subnet.subnet",
            "module.network.azurerm_virtual_network.vnet",
            "module.resource_group.azurerm_resource_group.rg_name",
            "module.resource_group_name.azurerm_resource_group.rg_name",
            "module.vmwindows.azurerm_availability_set.windows_avs",
            "module.vmwindows.azurerm_network_interface.windows_nic",
            "module.vmwindows.azurerm_public_ip.windows_pip",
            "module.vmwindows.azurerm_virtual_machine_extension.windowsextension",
            "module.vmwindows.azurerm_windows_virtual_machine.vmwindows"
          ]
        }
      ]
    },
    {
      "module": "module.database",
      "mode": "managed",
      "type": "azurerm_postgresql_server",
      "name": "post_server",
      "provider": "provider[\"registry.terraform.io/hashicorp/azurerm\"]",
      "instances": [
        {
          "schema_version": 0,
          "attributes": {
            "administrator_login": "pgtestadmin",
            "administrator_login_password": "P@test#12345",
            "auto_grow_enabled": true,
            "backup_retention_days": 7,
            "create_mode": "Default",
            "creation_source_server_id": null,
            "fqdn": "postgresql-server-group1.postgres.database.azure.com",
            "geo_redundant_backup_enabled": false,
            "id": "/subscriptions/5b7f809a-a927-4d08-a194-fdc26a51e798/resourceGroups/rg_name/providers/Microsoft.DBforPostgreSQL/servers/postgresql-server-group1",
            "identity": [],
            "infrastructure_encryption_enabled": false,
            "location": "canadacentral",
            "name": "postgresql-server-group1",
            "public_network_access_enabled": true,
            "resource_group_name": "rg_name",
            "restore_point_in_time": null,
            "sku_name": "B_Gen5_2",
            "ssl_enforcement": "Enabled",
            "ssl_enforcement_enabled": true,
            "ssl_minimal_tls_version_enforced": "TLSEnforcementDisabled",
            "storage_mb": 5120,
            "storage_profile": [
              {
                "auto_grow": "Enabled",
                "backup_retention_days": 7,
                "geo_redundant_backup": "Disabled",
                "storage_mb": 5120
              }
            ],
            "tags": null,
            "threat_detection_policy": [],
            "timeouts": null,
            "version": "9.5"
          },
          "sensitive_attributes": [],
          "private": "eyJlMmJmYjczMC1lY2FhLTExZTYtOGY4OC0zNDM2M2JjN2M0YzAiOnsiY3JlYXRlIjozNjAwMDAwMDAwMDAwLCJkZWxldGUiOjM2MDAwMDAwMDAwMDAsInJlYWQiOjMwMDAwMDAwMDAwMCwidXBkYXRlIjozNjAwMDAwMDAwMDAwfX0=",
          "dependencies": [
            "module.linux.azurerm_availability_set.avset",
            "module.linux.azurerm_linux_virtual_machine.linux_vm",
            "module.linux.azurerm_network_interface.linux_nic",
            "module.linux.azurerm_public_ip.linux_pub_ip",
            "module.linux.null_resource.linux_provisioner",
            "module.loadbalancer.azurerm_lb.loadbalancer",
            "module.loadbalancer.azurerm_lb_backend_address_pool.backend_address_pool",
            "module.loadbalancer.azurerm_lb_probe.loadbalancer_probe",
            "module.loadbalancer.azurerm_lb_rule.loadbalancer_rule",
            "module.loadbalancer.azurerm_network_interface_backend_address_pool_association.loadbalancer_pool_association",
            "module.loadbalancer.azurerm_public_ip.loadbalancer-pubip",
            "module.network.azurerm_subnet.subnet",
            "module.network.azurerm_virtual_network.vnet",
            "module.resource_group.azurerm_resource_group.rg_name",
            "module.resource_group_name.azurerm_resource_group.rg_name",
            "module.vmwindows.azurerm_availability_set.windows_avs",
            "module.vmwindows.azurerm_network_interface.windows_nic",
            "module.vmwindows.azurerm_public_ip.windows_pip",
            "module.vmwindows.azurerm_virtual_machine_extension.windowsextension",
            "module.vmwindows.azurerm_windows_virtual_machine.vmwindows"
          ]
        }
      ]
    },
    {
      "module": "module.linux",
      "mode": "managed",
      "type": "azurerm_availability_set",
      "name": "avset",
      "provider": "provider[\"registry.terraform.io/hashicorp/azurerm\"]",
      "instances": [
        {
          "schema_version": 0,
          "attributes": {
            "id": "/subscriptions/5b7f809a-a927-4d08-a194-fdc26a51e798/resourceGroups/rg_name/providers/Microsoft.Compute/availabilitySets/linux_avs",
            "location": "canadacentral",
            "managed": true,
            "name": "linux_avs",
            "platform_fault_domain_count": 3,
            "platform_update_domain_count": 5,
            "proximity_placement_group_id": null,
            "resource_group_name": "rg_name",
            "tags": null,
            "timeouts": null
          },
          "sensitive_attributes": [],
          "private": "eyJlMmJmYjczMC1lY2FhLTExZTYtOGY4OC0zNDM2M2JjN2M0YzAiOnsiY3JlYXRlIjoxODAwMDAwMDAwMDAwLCJkZWxldGUiOjE4MDAwMDAwMDAwMDAsInJlYWQiOjMwMDAwMDAwMDAwMCwidXBkYXRlIjoxODAwMDAwMDAwMDAwfX0=",
          "dependencies": [
            "module.resource_group.azurerm_resource_group.rg_name"
          ]
        }
      ]
    },
    {
      "module": "module.linux",
      "mode": "managed",
      "type": "azurerm_linux_virtual_machine",
      "name": "linux_vm",
      "provider": "provider[\"registry.terraform.io/hashicorp/azurerm\"]",
      "instances": [
        {
          "index_key": "group1-linux-vm1",
          "schema_version": 0,
          "attributes": {
            "additional_capabilities": [],
            "admin_password": null,
            "admin_ssh_key": [
              {
                "public_key": "ssh-rsa AAAAB3NzaC1yc2EAAAADAQABAAABgQCn7NjHPXU4CwHa6NHczW1BRsJxVH52368ky2rlHW9xHJIanTfaYPo1+L0UmWKbzyGcJVNkbkpgK7qQsEeq31yOanQrcRh2PWz6AGRDhNM/+izOtcxzcLt9T+NgDcPxtFPqaw/fGZTUIea+ZEEVjtxMhpmXfD/738SXc7K2kC0poOg27T54ymmo/BJMfLs3/VFIWQ39gYsk31E1HW32c7cB3sScwU98gSRREpu7DIWC2mHt+RY8eHgXag3K2v6DP+WLKuDec1U1HNQxVWRsaIXpx9d8uPLmSNG+J5GvXVNom3Y5af6rlonaFQBJPQZL14BC1lhJAZUDNzt2pL7KmMluQ0QA37XCr2P1TsG5S4FI7e5T0nTgUZZx3p7C2KHLofV8swpAzIPB0sgvUrlQ5KrMY+oW70fMseNWT+Y89ry4NiBZJd3mhhMp6DorHSgBecDkJ2M4BXgX+u7SaAnnsAXUHhQqNag9s7M+jyEJYsmFyOKKyWx/vJP31gySjBmBzUM= moham@DomeOfTheRock\r\n",
                "username": "auto"
              }
            ],
            "admin_username": "auto",
            "allow_extension_operations": true,
            "availability_set_id": "",
            "boot_diagnostics": [],
            "computer_name": "group1-linux-vm1",
            "custom_data": null,
            "dedicated_host_id": "",
            "disable_password_authentication": true,
            "encryption_at_host_enabled": false,
            "eviction_policy": "",
            "extensions_time_budget": "PT1H30M",
            "id": "/subscriptions/5b7f809a-a927-4d08-a194-fdc26a51e798/resourceGroups/rg_name/providers/Microsoft.Compute/virtualMachines/group1-linux-vm1",
            "identity": [],
            "license_type": "",
            "location": "canadacentral",
            "max_bid_price": -1,
            "name": "group1-linux-vm1",
            "network_interface_ids": [
              "/subscriptions/5b7f809a-a927-4d08-a194-fdc26a51e798/resourceGroups/rg_name/providers/Microsoft.Network/networkInterfaces/group1-linux-vm1-nic"
            ],
            "os_disk": [
              {
                "caching": "ReadWrite",
                "diff_disk_settings": [],
                "disk_encryption_set_id": "",
                "disk_size_gb": 32,
                "name": "group1-linux-vm1-os-disk",
                "storage_account_type": "Standard_LRS",
                "write_accelerator_enabled": false
              }
            ],
            "patch_mode": "ImageDefault",
            "plan": [],
            "platform_fault_domain": -1,
            "priority": "Regular",
            "private_ip_address": "10.0.1.4",
            "private_ip_addresses": [
              "10.0.1.4"
            ],
            "provision_vm_agent": true,
            "proximity_placement_group_id": "",
            "public_ip_address": "20.116.31.121",
            "public_ip_addresses": [
              "20.116.31.121"
            ],
            "resource_group_name": "rg_name",
            "secret": [],
            "secure_boot_enabled": false,
            "size": "Standard_B1s",
            "source_image_id": "",
            "source_image_reference": [
              {
                "offer": "CentOS",
                "publisher": "OpenLogic",
                "sku": "7.5",
                "version": "latest"
              }
            ],
            "tags": null,
            "timeouts": null,
            "user_data": "",
            "virtual_machine_id": "5633e9cb-ae05-42ad-a0c0-11d232bcdcd9",
            "virtual_machine_scale_set_id": "",
            "vtpm_enabled": false,
            "zone": ""
          },
          "sensitive_attributes": [],
          "private": "eyJlMmJmYjczMC1lY2FhLTExZTYtOGY4OC0zNDM2M2JjN2M0YzAiOnsiY3JlYXRlIjoyNzAwMDAwMDAwMDAwLCJkZWxldGUiOjI3MDAwMDAwMDAwMDAsInJlYWQiOjMwMDAwMDAwMDAwMCwidXBkYXRlIjoyNzAwMDAwMDAwMDAwfX0=",
          "dependencies": [
            "module.linux.azurerm_availability_set.avset",
            "module.linux.azurerm_network_interface.linux_nic",
            "module.linux.azurerm_public_ip.linux_pub_ip",
            "module.network.azurerm_subnet.subnet",
            "module.network.azurerm_virtual_network.vnet",
            "module.resource_group.azurerm_resource_group.rg_name"
          ]
        },
        {
          "index_key": "group1-linux-vm2",
          "schema_version": 0,
          "attributes": {
            "additional_capabilities": [],
            "admin_password": null,
            "admin_ssh_key": [
              {
                "public_key": "ssh-rsa AAAAB3NzaC1yc2EAAAADAQABAAABgQCn7NjHPXU4CwHa6NHczW1BRsJxVH52368ky2rlHW9xHJIanTfaYPo1+L0UmWKbzyGcJVNkbkpgK7qQsEeq31yOanQrcRh2PWz6AGRDhNM/+izOtcxzcLt9T+NgDcPxtFPqaw/fGZTUIea+ZEEVjtxMhpmXfD/738SXc7K2kC0poOg27T54ymmo/BJMfLs3/VFIWQ39gYsk31E1HW32c7cB3sScwU98gSRREpu7DIWC2mHt+RY8eHgXag3K2v6DP+WLKuDec1U1HNQxVWRsaIXpx9d8uPLmSNG+J5GvXVNom3Y5af6rlonaFQBJPQZL14BC1lhJAZUDNzt2pL7KmMluQ0QA37XCr2P1TsG5S4FI7e5T0nTgUZZx3p7C2KHLofV8swpAzIPB0sgvUrlQ5KrMY+oW70fMseNWT+Y89ry4NiBZJd3mhhMp6DorHSgBecDkJ2M4BXgX+u7SaAnnsAXUHhQqNag9s7M+jyEJYsmFyOKKyWx/vJP31gySjBmBzUM= moham@DomeOfTheRock\r\n",
                "username": "auto"
              }
            ],
            "admin_username": "auto",
            "allow_extension_operations": true,
            "availability_set_id": "",
            "boot_diagnostics": [],
            "computer_name": "group1-linux-vm2",
            "custom_data": null,
            "dedicated_host_id": "",
            "disable_password_authentication": true,
            "encryption_at_host_enabled": false,
            "eviction_policy": "",
            "extensions_time_budget": "PT1H30M",
            "id": "/subscriptions/5b7f809a-a927-4d08-a194-fdc26a51e798/resourceGroups/rg_name/providers/Microsoft.Compute/virtualMachines/group1-linux-vm2",
            "identity": [],
            "license_type": "",
            "location": "canadacentral",
            "max_bid_price": -1,
            "name": "group1-linux-vm2",
            "network_interface_ids": [
              "/subscriptions/5b7f809a-a927-4d08-a194-fdc26a51e798/resourceGroups/rg_name/providers/Microsoft.Network/networkInterfaces/group1-linux-vm2-nic"
            ],
            "os_disk": [
              {
                "caching": "ReadWrite",
                "diff_disk_settings": [],
                "disk_encryption_set_id": "",
                "disk_size_gb": 32,
                "name": "group1-linux-vm2-os-disk",
                "storage_account_type": "Standard_LRS",
                "write_accelerator_enabled": false
              }
            ],
            "patch_mode": "ImageDefault",
            "plan": [],
            "platform_fault_domain": -1,
            "priority": "Regular",
            "private_ip_address": "10.0.1.5",
            "private_ip_addresses": [
              "10.0.1.5"
            ],
            "provision_vm_agent": true,
            "proximity_placement_group_id": "",
            "public_ip_address": "20.116.31.120",
            "public_ip_addresses": [
              "20.116.31.120"
            ],
            "resource_group_name": "rg_name",
            "secret": [],
            "secure_boot_enabled": false,
            "size": "Standard_B1s",
            "source_image_id": "",
            "source_image_reference": [
              {
                "offer": "CentOS",
                "publisher": "OpenLogic",
                "sku": "7.5",
                "version": "latest"
              }
            ],
            "tags": null,
            "timeouts": null,
            "user_data": "",
            "virtual_machine_id": "f12ec38f-27b4-4e9c-94d0-df3608f90d62",
            "virtual_machine_scale_set_id": "",
            "vtpm_enabled": false,
            "zone": ""
          },
          "sensitive_attributes": [],
          "private": "eyJlMmJmYjczMC1lY2FhLTExZTYtOGY4OC0zNDM2M2JjN2M0YzAiOnsiY3JlYXRlIjoyNzAwMDAwMDAwMDAwLCJkZWxldGUiOjI3MDAwMDAwMDAwMDAsInJlYWQiOjMwMDAwMDAwMDAwMCwidXBkYXRlIjoyNzAwMDAwMDAwMDAwfX0=",
          "dependencies": [
            "module.linux.azurerm_availability_set.avset",
            "module.linux.azurerm_network_interface.linux_nic",
            "module.linux.azurerm_public_ip.linux_pub_ip",
            "module.network.azurerm_subnet.subnet",
            "module.network.azurerm_virtual_network.vnet",
            "module.resource_group.azurerm_resource_group.rg_name"
          ]
        }
      ]
    },
    {
      "module": "module.linux",
      "mode": "managed",
      "type": "azurerm_network_interface",
      "name": "linux_nic",
      "provider": "provider[\"registry.terraform.io/hashicorp/azurerm\"]",
      "instances": [
        {
          "index_key": "group1-linux-vm1",
          "schema_version": 0,
          "attributes": {
            "applied_dns_servers": [],
            "dns_servers": [],
            "enable_accelerated_networking": false,
            "enable_ip_forwarding": false,
            "id": "/subscriptions/5b7f809a-a927-4d08-a194-fdc26a51e798/resourceGroups/rg_name/providers/Microsoft.Network/networkInterfaces/group1-linux-vm1-nic",
            "internal_dns_name_label": "",
            "internal_domain_name_suffix": "dmx2xnhent4unczdpqqimcd0qd.ux.internal.cloudapp.net",
            "ip_configuration": [
              {
                "gateway_load_balancer_frontend_ip_configuration_id": "",
                "name": "group1-linux-vm1-nic-ip",
                "primary": true,
                "private_ip_address": "10.0.1.4",
                "private_ip_address_allocation": "Dynamic",
                "private_ip_address_version": "IPv4",
                "public_ip_address_id": "/subscriptions/5b7f809a-a927-4d08-a194-fdc26a51e798/resourceGroups/rg_name/providers/Microsoft.Network/publicIPAddresses/group1-linux-vm1-linux_pip",
                "subnet_id": "/subscriptions/5b7f809a-a927-4d08-a194-fdc26a51e798/resourceGroups/rg_name/providers/Microsoft.Network/virtualNetworks/vnet/subnets/subnet_name"
              }
            ],
            "location": "canadacentral",
            "mac_address": "",
            "name": "group1-linux-vm1-nic",
            "private_ip_address": "10.0.1.4",
            "private_ip_addresses": [
              "10.0.1.4"
            ],
            "resource_group_name": "rg_name",
            "tags": null,
            "timeouts": null,
            "virtual_machine_id": ""
          },
          "sensitive_attributes": [],
          "private": "eyJlMmJmYjczMC1lY2FhLTExZTYtOGY4OC0zNDM2M2JjN2M0YzAiOnsiY3JlYXRlIjoxODAwMDAwMDAwMDAwLCJkZWxldGUiOjE4MDAwMDAwMDAwMDAsInJlYWQiOjMwMDAwMDAwMDAwMCwidXBkYXRlIjoxODAwMDAwMDAwMDAwfX0=",
          "dependencies": [
            "module.linux.azurerm_public_ip.linux_pub_ip",
            "module.network.azurerm_subnet.subnet",
            "module.network.azurerm_virtual_network.vnet",
            "module.resource_group.azurerm_resource_group.rg_name"
          ]
        },
        {
          "index_key": "group1-linux-vm2",
          "schema_version": 0,
          "attributes": {
            "applied_dns_servers": [],
            "dns_servers": [],
            "enable_accelerated_networking": false,
            "enable_ip_forwarding": false,
            "id": "/subscriptions/5b7f809a-a927-4d08-a194-fdc26a51e798/resourceGroups/rg_name/providers/Microsoft.Network/networkInterfaces/group1-linux-vm2-nic",
            "internal_dns_name_label": "",
            "internal_domain_name_suffix": "dmx2xnhent4unczdpqqimcd0qd.ux.internal.cloudapp.net",
            "ip_configuration": [
              {
                "gateway_load_balancer_frontend_ip_configuration_id": "",
                "name": "group1-linux-vm2-nic-ip",
                "primary": true,
                "private_ip_address": "10.0.1.5",
                "private_ip_address_allocation": "Dynamic",
                "private_ip_address_version": "IPv4",
                "public_ip_address_id": "/subscriptions/5b7f809a-a927-4d08-a194-fdc26a51e798/resourceGroups/rg_name/providers/Microsoft.Network/publicIPAddresses/group1-linux-vm2-linux_pip",
                "subnet_id": "/subscriptions/5b7f809a-a927-4d08-a194-fdc26a51e798/resourceGroups/rg_name/providers/Microsoft.Network/virtualNetworks/vnet/subnets/subnet_name"
              }
            ],
            "location": "canadacentral",
            "mac_address": "",
            "name": "group1-linux-vm2-nic",
            "private_ip_address": "10.0.1.5",
            "private_ip_addresses": [
              "10.0.1.5"
            ],
            "resource_group_name": "rg_name",
            "tags": null,
            "timeouts": null,
            "virtual_machine_id": ""
          },
          "sensitive_attributes": [],
          "private": "eyJlMmJmYjczMC1lY2FhLTExZTYtOGY4OC0zNDM2M2JjN2M0YzAiOnsiY3JlYXRlIjoxODAwMDAwMDAwMDAwLCJkZWxldGUiOjE4MDAwMDAwMDAwMDAsInJlYWQiOjMwMDAwMDAwMDAwMCwidXBkYXRlIjoxODAwMDAwMDAwMDAwfX0=",
          "dependencies": [
            "module.linux.azurerm_public_ip.linux_pub_ip",
            "module.network.azurerm_subnet.subnet",
            "module.network.azurerm_virtual_network.vnet",
            "module.resource_group.azurerm_resource_group.rg_name"
          ]
        }
      ]
    },
    {
      "module": "module.linux",
      "mode": "managed",
      "type": "azurerm_public_ip",
      "name": "linux_pub_ip",
      "provider": "provider[\"registry.terraform.io/hashicorp/azurerm\"]",
      "instances": [
        {
          "index_key": "group1-linux-vm1",
          "schema_version": 0,
          "attributes": {
            "allocation_method": "Dynamic",
            "availability_zone": "No-Zone",
            "domain_name_label": null,
            "fqdn": null,
            "id": "/subscriptions/5b7f809a-a927-4d08-a194-fdc26a51e798/resourceGroups/rg_name/providers/Microsoft.Network/publicIPAddresses/group1-linux-vm1-linux_pip",
            "idle_timeout_in_minutes": 4,
            "ip_address": "",
            "ip_tags": null,
            "ip_version": "IPv4",
            "location": "canadacentral",
            "name": "group1-linux-vm1-linux_pip",
            "public_ip_prefix_id": null,
            "resource_group_name": "rg_name",
            "reverse_fqdn": null,
            "sku": "Basic",
            "sku_tier": "Regional",
            "tags": null,
            "timeouts": null,
            "zones": []
          },
          "sensitive_attributes": [],
          "private": "eyJlMmJmYjczMC1lY2FhLTExZTYtOGY4OC0zNDM2M2JjN2M0YzAiOnsiY3JlYXRlIjoxODAwMDAwMDAwMDAwLCJkZWxldGUiOjE4MDAwMDAwMDAwMDAsInJlYWQiOjMwMDAwMDAwMDAwMCwidXBkYXRlIjoxODAwMDAwMDAwMDAwfX0=",
          "dependencies": [
            "module.resource_group.azurerm_resource_group.rg_name"
          ]
        },
        {
          "index_key": "group1-linux-vm2",
          "schema_version": 0,
          "attributes": {
            "allocation_method": "Dynamic",
            "availability_zone": "No-Zone",
            "domain_name_label": null,
            "fqdn": null,
            "id": "/subscriptions/5b7f809a-a927-4d08-a194-fdc26a51e798/resourceGroups/rg_name/providers/Microsoft.Network/publicIPAddresses/group1-linux-vm2-linux_pip",
            "idle_timeout_in_minutes": 4,
            "ip_address": "",
            "ip_tags": null,
            "ip_version": "IPv4",
            "location": "canadacentral",
            "name": "group1-linux-vm2-linux_pip",
            "public_ip_prefix_id": null,
            "resource_group_name": "rg_name",
            "reverse_fqdn": null,
            "sku": "Basic",
            "sku_tier": "Regional",
            "tags": null,
            "timeouts": null,
            "zones": []
          },
          "sensitive_attributes": [],
          "private": "eyJlMmJmYjczMC1lY2FhLTExZTYtOGY4OC0zNDM2M2JjN2M0YzAiOnsiY3JlYXRlIjoxODAwMDAwMDAwMDAwLCJkZWxldGUiOjE4MDAwMDAwMDAwMDAsInJlYWQiOjMwMDAwMDAwMDAwMCwidXBkYXRlIjoxODAwMDAwMDAwMDAwfX0=",
          "dependencies": [
            "module.resource_group.azurerm_resource_group.rg_name"
          ]
        }
      ]
    },
    {
      "module": "module.linux",
      "mode": "managed",
      "type": "null_resource",
      "name": "linux_provisioner",
      "provider": "provider[\"registry.terraform.io/hashicorp/null\"]",
      "instances": [
        {
          "index_key": "group1-linux-vm1",
          "schema_version": 0,
          "attributes": {
            "id": "7823444197447654419",
            "triggers": null
          },
          "sensitive_attributes": [],
          "private": "bnVsbA==",
          "dependencies": [
            "module.linux.azurerm_availability_set.avset",
            "module.linux.azurerm_linux_virtual_machine.linux_vm",
            "module.linux.azurerm_network_interface.linux_nic",
            "module.linux.azurerm_public_ip.linux_pub_ip",
            "module.network.azurerm_subnet.subnet",
            "module.network.azurerm_virtual_network.vnet",
            "module.resource_group.azurerm_resource_group.rg_name"
          ]
        },
        {
          "index_key": "group1-linux-vm2",
          "schema_version": 0,
          "attributes": {
            "id": "7992503063696439869",
            "triggers": null
          },
          "sensitive_attributes": [],
          "private": "bnVsbA==",
          "dependencies": [
            "module.linux.azurerm_availability_set.avset",
            "module.linux.azurerm_linux_virtual_machine.linux_vm",
            "module.linux.azurerm_network_interface.linux_nic",
            "module.linux.azurerm_public_ip.linux_pub_ip",
            "module.network.azurerm_subnet.subnet",
            "module.network.azurerm_virtual_network.vnet",
            "module.resource_group.azurerm_resource_group.rg_name"
          ]
        }
      ]
    },
    {
      "module": "module.loadbalancer",
      "mode": "managed",
      "type": "azurerm_lb",
      "name": "loadbalancer",
      "provider": "provider[\"registry.terraform.io/hashicorp/azurerm\"]",
      "instances": [
        {
          "schema_version": 0,
          "attributes": {
            "frontend_ip_configuration": [
              {
                "availability_zone": "No-Zone",
                "gateway_load_balancer_frontend_ip_configuration_id": "",
                "id": "/subscriptions/5b7f809a-a927-4d08-a194-fdc26a51e798/resourceGroups/rg_name/providers/Microsoft.Network/loadBalancers/2473-loadbalancer/frontendIPConfigurations/PublicIPAddress_1",
                "inbound_nat_rules": [],
                "load_balancer_rules": [],
                "name": "PublicIPAddress_1",
                "outbound_rules": [],
                "private_ip_address": "",
                "private_ip_address_allocation": "Dynamic",
                "private_ip_address_version": "",
                "public_ip_address_id": "/subscriptions/5b7f809a-a927-4d08-a194-fdc26a51e798/resourceGroups/rg_name/providers/Microsoft.Network/publicIPAddresses/2473-loadbalancer-pubip-lbpip-1",
                "public_ip_prefix_id": "",
                "subnet_id": "",
                "zones": []
              },
              {
                "availability_zone": "No-Zone",
                "gateway_load_balancer_frontend_ip_configuration_id": "",
                "id": "/subscriptions/5b7f809a-a927-4d08-a194-fdc26a51e798/resourceGroups/rg_name/providers/Microsoft.Network/loadBalancers/2473-loadbalancer/frontendIPConfigurations/PublicIPAddress_2",
                "inbound_nat_rules": [],
                "load_balancer_rules": [],
                "name": "PublicIPAddress_2",
                "outbound_rules": [],
                "private_ip_address": "",
                "private_ip_address_allocation": "Dynamic",
                "private_ip_address_version": "",
                "public_ip_address_id": "/subscriptions/5b7f809a-a927-4d08-a194-fdc26a51e798/resourceGroups/rg_name/providers/Microsoft.Network/publicIPAddresses/2473-loadbalancer-pubip-lbpip-2",
                "public_ip_prefix_id": "",
                "subnet_id": "",
                "zones": []
              }
            ],
            "id": "/subscriptions/5b7f809a-a927-4d08-a194-fdc26a51e798/resourceGroups/rg_name/providers/Microsoft.Network/loadBalancers/2473-loadbalancer",
            "location": "canadacentral",
            "name": "2473-loadbalancer",
            "private_ip_address": "",
            "private_ip_addresses": [],
            "resource_group_name": "rg_name",
            "sku": "Basic",
            "sku_tier": "Regional",
            "tags": {
              "Email": "shisdew@gmail.com",
              "Enviroment": "Lab",
              "ExpirationDate": "2022-07-04",
              "Name": "Mohammed Dewan",
              "Project": "Automation Project-Assignment 1"
            },
            "timeouts": null
          },
          "sensitive_attributes": [],
          "private": "eyJlMmJmYjczMC1lY2FhLTExZTYtOGY4OC0zNDM2M2JjN2M0YzAiOnsiY3JlYXRlIjoxODAwMDAwMDAwMDAwLCJkZWxldGUiOjE4MDAwMDAwMDAwMDAsInJlYWQiOjMwMDAwMDAwMDAwMCwidXBkYXRlIjoxODAwMDAwMDAwMDAwfX0=",
          "dependencies": [
            "module.linux.azurerm_availability_set.avset",
            "module.linux.azurerm_linux_virtual_machine.linux_vm",
            "module.linux.azurerm_network_interface.linux_nic",
            "module.linux.azurerm_public_ip.linux_pub_ip",
            "module.linux.null_resource.linux_provisioner",
            "module.loadbalancer.azurerm_public_ip.loadbalancer-pubip",
            "module.network.azurerm_subnet.subnet",
            "module.network.azurerm_virtual_network.vnet",
            "module.resource_group.azurerm_resource_group.rg_name",
            "module.vmwindows.azurerm_availability_set.windows_avs",
            "module.vmwindows.azurerm_network_interface.windows_nic",
            "module.vmwindows.azurerm_public_ip.windows_pip",
            "module.vmwindows.azurerm_virtual_machine_extension.windowsextension",
            "module.vmwindows.azurerm_windows_virtual_machine.vmwindows"
          ]
        }
      ]
    },
    {
      "module": "module.loadbalancer",
      "mode": "managed",
      "type": "azurerm_lb_backend_address_pool",
      "name": "backend_address_pool",
      "provider": "provider[\"registry.terraform.io/hashicorp/azurerm\"]",
      "instances": [
        {
          "schema_version": 0,
          "attributes": {
            "backend_address": [],
            "backend_ip_configurations": [],
            "id": "/subscriptions/5b7f809a-a927-4d08-a194-fdc26a51e798/resourceGroups/rg_name/providers/Microsoft.Network/loadBalancers/2473-loadbalancer/backendAddressPools/2473-backendaddresspool",
            "load_balancing_rules": [],
            "loadbalancer_id": "/subscriptions/5b7f809a-a927-4d08-a194-fdc26a51e798/resourceGroups/rg_name/providers/Microsoft.Network/loadBalancers/2473-loadbalancer",
            "name": "2473-backendaddresspool",
            "outbound_rules": [],
            "resource_group_name": "rg_name",
            "timeouts": null,
            "tunnel_interface": []
          },
          "sensitive_attributes": [],
          "private": "eyJlMmJmYjczMC1lY2FhLTExZTYtOGY4OC0zNDM2M2JjN2M0YzAiOnsiY3JlYXRlIjoxODAwMDAwMDAwMDAwLCJkZWxldGUiOjE4MDAwMDAwMDAwMDAsInJlYWQiOjMwMDAwMDAwMDAwMCwidXBkYXRlIjoxODAwMDAwMDAwMDAwfX0=",
          "dependencies": [
            "module.linux.azurerm_availability_set.avset",
            "module.linux.azurerm_linux_virtual_machine.linux_vm",
            "module.linux.azurerm_network_interface.linux_nic",
            "module.linux.azurerm_public_ip.linux_pub_ip",
            "module.linux.null_resource.linux_provisioner",
            "module.loadbalancer.azurerm_lb.loadbalancer",
            "module.loadbalancer.azurerm_public_ip.loadbalancer-pubip",
            "module.network.azurerm_subnet.subnet",
            "module.network.azurerm_virtual_network.vnet",
            "module.resource_group.azurerm_resource_group.rg_name",
            "module.vmwindows.azurerm_availability_set.windows_avs",
            "module.vmwindows.azurerm_network_interface.windows_nic",
            "module.vmwindows.azurerm_public_ip.windows_pip",
            "module.vmwindows.azurerm_virtual_machine_extension.windowsextension",
            "module.vmwindows.azurerm_windows_virtual_machine.vmwindows"
          ]
        }
      ]
    },
    {
      "module": "module.loadbalancer",
      "mode": "managed",
      "type": "azurerm_lb_probe",
      "name": "loadbalancer_probe",
      "provider": "provider[\"registry.terraform.io/hashicorp/azurerm\"]",
      "instances": [
        {
          "schema_version": 0,
          "attributes": {
            "id": "/subscriptions/5b7f809a-a927-4d08-a194-fdc26a51e798/resourceGroups/rg_name/providers/Microsoft.Network/loadBalancers/2473-loadbalancer/probes/2473-loadbalancer-probe",
            "interval_in_seconds": 5,
            "load_balancer_rules": [],
            "loadbalancer_id": "/subscriptions/5b7f809a-a927-4d08-a194-fdc26a51e798/resourceGroups/rg_name/providers/Microsoft.Network/loadBalancers/2473-loadbalancer",
            "name": "2473-loadbalancer-probe",
            "number_of_probes": 2,
            "port": 80,
            "protocol": "Tcp",
            "request_path": "",
            "resource_group_name": "rg_name",
            "timeouts": null
          },
          "sensitive_attributes": [],
          "private": "eyJlMmJmYjczMC1lY2FhLTExZTYtOGY4OC0zNDM2M2JjN2M0YzAiOnsiY3JlYXRlIjoxODAwMDAwMDAwMDAwLCJkZWxldGUiOjE4MDAwMDAwMDAwMDAsInJlYWQiOjMwMDAwMDAwMDAwMCwidXBkYXRlIjoxODAwMDAwMDAwMDAwfX0=",
          "dependencies": [
            "module.linux.azurerm_availability_set.avset",
            "module.linux.azurerm_linux_virtual_machine.linux_vm",
            "module.linux.azurerm_network_interface.linux_nic",
            "module.linux.azurerm_public_ip.linux_pub_ip",
            "module.linux.null_resource.linux_provisioner",
            "module.loadbalancer.azurerm_lb.loadbalancer",
            "module.loadbalancer.azurerm_public_ip.loadbalancer-pubip",
            "module.network.azurerm_subnet.subnet",
            "module.network.azurerm_virtual_network.vnet",
            "module.resource_group.azurerm_resource_group.rg_name",
            "module.vmwindows.azurerm_availability_set.windows_avs",
            "module.vmwindows.azurerm_network_interface.windows_nic",
            "module.vmwindows.azurerm_public_ip.windows_pip",
            "module.vmwindows.azurerm_virtual_machine_extension.windowsextension",
            "module.vmwindows.azurerm_windows_virtual_machine.vmwindows"
          ]
        }
      ]
    },
    {
      "module": "module.loadbalancer",
      "mode": "managed",
      "type": "azurerm_lb_rule",
      "name": "loadbalancer_rule",
      "provider": "provider[\"registry.terraform.io/hashicorp/azurerm\"]",
      "instances": [
        {
          "index_key": 0,
          "schema_version": 0,
          "attributes": {
            "backend_address_pool_id": "",
            "backend_address_pool_ids": [],
            "backend_port": 3389,
            "disable_outbound_snat": false,
            "enable_floating_ip": false,
            "enable_tcp_reset": false,
            "frontend_ip_configuration_id": "/subscriptions/5b7f809a-a927-4d08-a194-fdc26a51e798/resourceGroups/rg_name/providers/Microsoft.Network/loadBalancers/2473-loadbalancer/frontendIPConfigurations/PublicIPAddress_1",
            "frontend_ip_configuration_name": "PublicIPAddress_1",
            "frontend_port": 3389,
            "id": "/subscriptions/5b7f809a-a927-4d08-a194-fdc26a51e798/resourceGroups/rg_name/providers/Microsoft.Network/loadBalancers/2473-loadbalancer/loadBalancingRules/2473-loadbalancer-rule-1",
            "idle_timeout_in_minutes": 4,
            "load_distribution": "Default",
            "loadbalancer_id": "/subscriptions/5b7f809a-a927-4d08-a194-fdc26a51e798/resourceGroups/rg_name/providers/Microsoft.Network/loadBalancers/2473-loadbalancer",
            "name": "2473-loadbalancer-rule-1",
            "probe_id": "",
            "protocol": "Tcp",
            "resource_group_name": "rg_name",
            "timeouts": null
          },
          "sensitive_attributes": [],
          "private": "eyJlMmJmYjczMC1lY2FhLTExZTYtOGY4OC0zNDM2M2JjN2M0YzAiOnsiY3JlYXRlIjoxODAwMDAwMDAwMDAwLCJkZWxldGUiOjE4MDAwMDAwMDAwMDAsInJlYWQiOjMwMDAwMDAwMDAwMCwidXBkYXRlIjoxODAwMDAwMDAwMDAwfX0=",
          "dependencies": [
            "module.linux.azurerm_availability_set.avset",
            "module.linux.azurerm_linux_virtual_machine.linux_vm",
            "module.linux.azurerm_network_interface.linux_nic",
            "module.linux.azurerm_public_ip.linux_pub_ip",
            "module.linux.null_resource.linux_provisioner",
            "module.loadbalancer.azurerm_lb.loadbalancer",
            "module.loadbalancer.azurerm_public_ip.loadbalancer-pubip",
            "module.network.azurerm_subnet.subnet",
            "module.network.azurerm_virtual_network.vnet",
            "module.resource_group.azurerm_resource_group.rg_name",
            "module.vmwindows.azurerm_availability_set.windows_avs",
            "module.vmwindows.azurerm_network_interface.windows_nic",
            "module.vmwindows.azurerm_public_ip.windows_pip",
            "module.vmwindows.azurerm_virtual_machine_extension.windowsextension",
            "module.vmwindows.azurerm_windows_virtual_machine.vmwindows"
          ]
        },
        {
          "index_key": 1,
          "schema_version": 0,
          "attributes": {
            "backend_address_pool_id": "",
            "backend_address_pool_ids": [],
            "backend_port": 3389,
            "disable_outbound_snat": false,
            "enable_floating_ip": false,
            "enable_tcp_reset": false,
            "frontend_ip_configuration_id": "/subscriptions/5b7f809a-a927-4d08-a194-fdc26a51e798/resourceGroups/rg_name/providers/Microsoft.Network/loadBalancers/2473-loadbalancer/frontendIPConfigurations/PublicIPAddress_2",
            "frontend_ip_configuration_name": "PublicIPAddress_2",
            "frontend_port": 3389,
            "id": "/subscriptions/5b7f809a-a927-4d08-a194-fdc26a51e798/resourceGroups/rg_name/providers/Microsoft.Network/loadBalancers/2473-loadbalancer/loadBalancingRules/2473-loadbalancer-rule-2",
            "idle_timeout_in_minutes": 4,
            "load_distribution": "Default",
            "loadbalancer_id": "/subscriptions/5b7f809a-a927-4d08-a194-fdc26a51e798/resourceGroups/rg_name/providers/Microsoft.Network/loadBalancers/2473-loadbalancer",
            "name": "2473-loadbalancer-rule-2",
            "probe_id": "",
            "protocol": "Tcp",
            "resource_group_name": "rg_name",
            "timeouts": null
          },
          "sensitive_attributes": [],
          "private": "eyJlMmJmYjczMC1lY2FhLTExZTYtOGY4OC0zNDM2M2JjN2M0YzAiOnsiY3JlYXRlIjoxODAwMDAwMDAwMDAwLCJkZWxldGUiOjE4MDAwMDAwMDAwMDAsInJlYWQiOjMwMDAwMDAwMDAwMCwidXBkYXRlIjoxODAwMDAwMDAwMDAwfX0=",
          "dependencies": [
            "module.linux.azurerm_availability_set.avset",
            "module.linux.azurerm_linux_virtual_machine.linux_vm",
            "module.linux.azurerm_network_interface.linux_nic",
            "module.linux.azurerm_public_ip.linux_pub_ip",
            "module.linux.null_resource.linux_provisioner",
            "module.loadbalancer.azurerm_lb.loadbalancer",
            "module.loadbalancer.azurerm_public_ip.loadbalancer-pubip",
            "module.network.azurerm_subnet.subnet",
            "module.network.azurerm_virtual_network.vnet",
            "module.resource_group.azurerm_resource_group.rg_name",
            "module.vmwindows.azurerm_availability_set.windows_avs",
            "module.vmwindows.azurerm_network_interface.windows_nic",
            "module.vmwindows.azurerm_public_ip.windows_pip",
            "module.vmwindows.azurerm_virtual_machine_extension.windowsextension",
            "module.vmwindows.azurerm_windows_virtual_machine.vmwindows"
          ]
        }
      ]
    },
    {
      "module": "module.loadbalancer",
      "mode": "managed",
      "type": "azurerm_public_ip",
      "name": "loadbalancer-pubip",
      "provider": "provider[\"registry.terraform.io/hashicorp/azurerm\"]",
      "instances": [
        {
          "index_key": 0,
          "schema_version": 0,
          "attributes": {
            "allocation_method": "Static",
            "availability_zone": "No-Zone",
            "domain_name_label": "lbdns-1",
            "fqdn": "lbdns-1.canadacentral.cloudapp.azure.com",
            "id": "/subscriptions/5b7f809a-a927-4d08-a194-fdc26a51e798/resourceGroups/rg_name/providers/Microsoft.Network/publicIPAddresses/2473-loadbalancer-pubip-lbpip-1",
            "idle_timeout_in_minutes": 4,
            "ip_address": "20.151.108.205",
            "ip_tags": null,
            "ip_version": "IPv4",
            "location": "canadacentral",
            "name": "2473-loadbalancer-pubip-lbpip-1",
            "public_ip_prefix_id": null,
            "resource_group_name": "rg_name",
            "reverse_fqdn": "",
            "sku": "Basic",
            "sku_tier": "Regional",
            "tags": {
              "Email": "shisdew@gmail.com",
              "Enviroment": "Lab",
              "ExpirationDate": "2022-07-04",
              "Name": "Mohammed Dewan",
              "Project": "Automation Project-Assignment 1"
            },
            "timeouts": null,
            "zones": []
          },
          "sensitive_attributes": [],
          "private": "eyJlMmJmYjczMC1lY2FhLTExZTYtOGY4OC0zNDM2M2JjN2M0YzAiOnsiY3JlYXRlIjoxODAwMDAwMDAwMDAwLCJkZWxldGUiOjE4MDAwMDAwMDAwMDAsInJlYWQiOjMwMDAwMDAwMDAwMCwidXBkYXRlIjoxODAwMDAwMDAwMDAwfX0=",
          "dependencies": [
            "module.linux.azurerm_availability_set.avset",
            "module.linux.azurerm_linux_virtual_machine.linux_vm",
            "module.linux.azurerm_network_interface.linux_nic",
            "module.linux.azurerm_public_ip.linux_pub_ip",
            "module.linux.null_resource.linux_provisioner",
            "module.network.azurerm_subnet.subnet",
            "module.network.azurerm_virtual_network.vnet",
            "module.resource_group.azurerm_resource_group.rg_name",
            "module.vmwindows.azurerm_availability_set.windows_avs",
            "module.vmwindows.azurerm_network_interface.windows_nic",
            "module.vmwindows.azurerm_public_ip.windows_pip",
            "module.vmwindows.azurerm_virtual_machine_extension.windowsextension",
            "module.vmwindows.azurerm_windows_virtual_machine.vmwindows"
          ]
        },
        {
          "index_key": 1,
          "schema_version": 0,
          "attributes": {
            "allocation_method": "Static",
            "availability_zone": "No-Zone",
            "domain_name_label": "lbdns-2",
            "fqdn": "lbdns-2.canadacentral.cloudapp.azure.com",
            "id": "/subscriptions/5b7f809a-a927-4d08-a194-fdc26a51e798/resourceGroups/rg_name/providers/Microsoft.Network/publicIPAddresses/2473-loadbalancer-pubip-lbpip-2",
            "idle_timeout_in_minutes": 4,
            "ip_address": "20.151.110.17",
            "ip_tags": null,
            "ip_version": "IPv4",
            "location": "canadacentral",
            "name": "2473-loadbalancer-pubip-lbpip-2",
            "public_ip_prefix_id": null,
            "resource_group_name": "rg_name",
            "reverse_fqdn": "",
            "sku": "Basic",
            "sku_tier": "Regional",
            "tags": {
              "Email": "shisdew@gmail.com",
              "Enviroment": "Lab",
              "ExpirationDate": "2022-07-04",
              "Name": "Mohammed Dewan",
              "Project": "Automation Project-Assignment 1"
            },
            "timeouts": null,
            "zones": []
          },
          "sensitive_attributes": [],
          "private": "eyJlMmJmYjczMC1lY2FhLTExZTYtOGY4OC0zNDM2M2JjN2M0YzAiOnsiY3JlYXRlIjoxODAwMDAwMDAwMDAwLCJkZWxldGUiOjE4MDAwMDAwMDAwMDAsInJlYWQiOjMwMDAwMDAwMDAwMCwidXBkYXRlIjoxODAwMDAwMDAwMDAwfX0=",
          "dependencies": [
            "module.linux.azurerm_availability_set.avset",
            "module.linux.azurerm_linux_virtual_machine.linux_vm",
            "module.linux.azurerm_network_interface.linux_nic",
            "module.linux.azurerm_public_ip.linux_pub_ip",
            "module.linux.null_resource.linux_provisioner",
            "module.network.azurerm_subnet.subnet",
            "module.network.azurerm_virtual_network.vnet",
            "module.resource_group.azurerm_resource_group.rg_name",
            "module.vmwindows.azurerm_availability_set.windows_avs",
            "module.vmwindows.azurerm_network_interface.windows_nic",
            "module.vmwindows.azurerm_public_ip.windows_pip",
            "module.vmwindows.azurerm_virtual_machine_extension.windowsextension",
            "module.vmwindows.azurerm_windows_virtual_machine.vmwindows"
          ]
        }
      ]
    },
    {
      "module": "module.network",
      "mode": "managed",
      "type": "azurerm_subnet",
      "name": "subnet",
      "provider": "provider[\"registry.terraform.io/hashicorp/azurerm\"]",
      "instances": [
        {
          "schema_version": 0,
          "attributes": {
            "address_prefix": "10.0.1.0/24",
            "address_prefixes": [
              "10.0.1.0/24"
            ],
            "delegation": [],
            "enforce_private_link_endpoint_network_policies": false,
            "enforce_private_link_service_network_policies": false,
            "id": "/subscriptions/5b7f809a-a927-4d08-a194-fdc26a51e798/resourceGroups/rg_name/providers/Microsoft.Network/virtualNetworks/vnet/subnets/subnet_name",
            "name": "subnet_name",
            "resource_group_name": "rg_name",
            "service_endpoint_policy_ids": null,
            "service_endpoints": null,
            "timeouts": null,
            "virtual_network_name": "vnet"
          },
          "sensitive_attributes": [],
          "private": "eyJlMmJmYjczMC1lY2FhLTExZTYtOGY4OC0zNDM2M2JjN2M0YzAiOnsiY3JlYXRlIjoxODAwMDAwMDAwMDAwLCJkZWxldGUiOjE4MDAwMDAwMDAwMDAsInJlYWQiOjMwMDAwMDAwMDAwMCwidXBkYXRlIjoxODAwMDAwMDAwMDAwfX0=",
          "dependencies": [
            "module.network.azurerm_virtual_network.vnet",
            "module.resource_group.azurerm_resource_group.rg_name"
          ]
        }
      ]
    },
    {
      "module": "module.network",
      "mode": "managed",
      "type": "azurerm_virtual_network",
      "name": "vnet",
      "provider": "provider[\"registry.terraform.io/hashicorp/azurerm\"]",
      "instances": [
        {
          "schema_version": 0,
          "attributes": {
            "address_space": [
              "10.0.0.0/16"
            ],
            "bgp_community": "",
            "ddos_protection_plan": [],
            "dns_servers": [
              "10.0.0.4",
              "10.0.0.5"
            ],
            "flow_timeout_in_minutes": 0,
            "guid": "b4cb2f1b-6ce4-46fd-8b23-7c2086087a83",
            "id": "/subscriptions/5b7f809a-a927-4d08-a194-fdc26a51e798/resourceGroups/rg_name/providers/Microsoft.Network/virtualNetworks/vnet",
            "location": "canadacentral",
            "name": "vnet",
            "resource_group_name": "rg_name",
            "subnet": [],
            "tags": null,
            "timeouts": null,
            "vm_protection_enabled": false
          },
          "sensitive_attributes": [],
          "private": "eyJlMmJmYjczMC1lY2FhLTExZTYtOGY4OC0zNDM2M2JjN2M0YzAiOnsiY3JlYXRlIjoxODAwMDAwMDAwMDAwLCJkZWxldGUiOjE4MDAwMDAwMDAwMDAsInJlYWQiOjMwMDAwMDAwMDAwMCwidXBkYXRlIjoxODAwMDAwMDAwMDAwfX0=",
          "dependencies": [
            "module.resource_group.azurerm_resource_group.rg_name"
          ]
        }
      ]
    },
    {
      "module": "module.resource_group",
      "mode": "managed",
      "type": "azurerm_resource_group",
      "name": "rg_name",
      "provider": "provider[\"registry.terraform.io/hashicorp/azurerm\"]",
      "instances": [
        {
          "schema_version": 0,
          "attributes": {
            "id": "/subscriptions/5b7f809a-a927-4d08-a194-fdc26a51e798/resourceGroups/rg_name",
            "location": "canadacentral",
            "name": "rg_name",
            "tags": null,
            "timeouts": null
          },
          "sensitive_attributes": [],
          "private": "eyJlMmJmYjczMC1lY2FhLTExZTYtOGY4OC0zNDM2M2JjN2M0YzAiOnsiY3JlYXRlIjo1NDAwMDAwMDAwMDAwLCJkZWxldGUiOjU0MDAwMDAwMDAwMDAsInJlYWQiOjMwMDAwMDAwMDAwMCwidXBkYXRlIjo1NDAwMDAwMDAwMDAwfX0="
        }
      ]
    },
    {
      "module": "module.resource_group_name",
      "mode": "managed",
      "type": "azurerm_resource_group",
      "name": "rg_name",
      "provider": "provider[\"registry.terraform.io/hashicorp/azurerm\"]",
      "instances": [
        {
          "schema_version": 0,
          "attributes": {
            "id": "/subscriptions/5b7f809a-a927-4d08-a194-fdc26a51e798/resourceGroups/rg_name",
            "location": "canadacentral",
            "name": "rg_name",
            "tags": null,
            "timeouts": null
          },
          "sensitive_attributes": [],
          "private": "eyJlMmJmYjczMC1lY2FhLTExZTYtOGY4OC0zNDM2M2JjN2M0YzAiOnsiY3JlYXRlIjo1NDAwMDAwMDAwMDAwLCJkZWxldGUiOjU0MDAwMDAwMDAwMDAsInJlYWQiOjMwMDAwMDAwMDAwMCwidXBkYXRlIjo1NDAwMDAwMDAwMDAwfX0="
        }
      ]
    },
    {
      "module": "module.vmwindows",
      "mode": "managed",
      "type": "azurerm_availability_set",
      "name": "windows_avs",
      "provider": "provider[\"registry.terraform.io/hashicorp/azurerm\"]",
      "instances": [
        {
          "schema_version": 0,
          "attributes": {
            "id": "/subscriptions/5b7f809a-a927-4d08-a194-fdc26a51e798/resourceGroups/rg_name/providers/Microsoft.Compute/availabilitySets/windows-avs",
            "location": "canadacentral",
            "managed": true,
            "name": "windows-avs",
            "platform_fault_domain_count": 2,
            "platform_update_domain_count": 5,
            "proximity_placement_group_id": null,
            "resource_group_name": "rg_name",
            "tags": null,
            "timeouts": null
          },
          "sensitive_attributes": [],
          "private": "eyJlMmJmYjczMC1lY2FhLTExZTYtOGY4OC0zNDM2M2JjN2M0YzAiOnsiY3JlYXRlIjoxODAwMDAwMDAwMDAwLCJkZWxldGUiOjE4MDAwMDAwMDAwMDAsInJlYWQiOjMwMDAwMDAwMDAwMCwidXBkYXRlIjoxODAwMDAwMDAwMDAwfX0=",
          "dependencies": [
            "module.resource_group.azurerm_resource_group.rg_name"
          ]
        }
      ]
    },
    {
      "module": "module.vmwindows",
      "mode": "managed",
      "type": "azurerm_network_interface",
      "name": "windows_nic",
      "provider": "provider[\"registry.terraform.io/hashicorp/azurerm\"]",
      "instances": [
        {
          "index_key": "group1-win-vm1",
          "schema_version": 0,
          "attributes": {
            "applied_dns_servers": [],
            "dns_servers": [],
            "enable_accelerated_networking": false,
            "enable_ip_forwarding": false,
            "id": "/subscriptions/5b7f809a-a927-4d08-a194-fdc26a51e798/resourceGroups/rg_name/providers/Microsoft.Network/networkInterfaces/group1-win-vm1-nic",
            "internal_dns_name_label": "",
            "internal_domain_name_suffix": "dmx2xnhent4unczdpqqimcd0qd.ux.internal.cloudapp.net",
            "ip_configuration": [
              {
                "gateway_load_balancer_frontend_ip_configuration_id": "",
                "name": "group1-win-vm1",
                "primary": true,
                "private_ip_address": "10.0.1.6",
                "private_ip_address_allocation": "Dynamic",
                "private_ip_address_version": "IPv4",
                "public_ip_address_id": "/subscriptions/5b7f809a-a927-4d08-a194-fdc26a51e798/resourceGroups/rg_name/providers/Microsoft.Network/publicIPAddresses/group1-win-vm1-pip",
                "subnet_id": "/subscriptions/5b7f809a-a927-4d08-a194-fdc26a51e798/resourceGroups/rg_name/providers/Microsoft.Network/virtualNetworks/vnet/subnets/subnet_name"
              }
            ],
            "location": "canadacentral",
            "mac_address": "",
            "name": "group1-win-vm1-nic",
            "private_ip_address": "10.0.1.6",
            "private_ip_addresses": [
              "10.0.1.6"
            ],
            "resource_group_name": "rg_name",
            "tags": null,
            "timeouts": null,
            "virtual_machine_id": ""
          },
          "sensitive_attributes": [],
          "private": "eyJlMmJmYjczMC1lY2FhLTExZTYtOGY4OC0zNDM2M2JjN2M0YzAiOnsiY3JlYXRlIjoxODAwMDAwMDAwMDAwLCJkZWxldGUiOjE4MDAwMDAwMDAwMDAsInJlYWQiOjMwMDAwMDAwMDAwMCwidXBkYXRlIjoxODAwMDAwMDAwMDAwfX0=",
          "dependencies": [
            "module.network.azurerm_subnet.subnet",
            "module.network.azurerm_virtual_network.vnet",
            "module.resource_group.azurerm_resource_group.rg_name",
            "module.vmwindows.azurerm_public_ip.windows_pip"
          ]
        }
      ]
    },
    {
      "module": "module.vmwindows",
      "mode": "managed",
      "type": "azurerm_public_ip",
      "name": "windows_pip",
      "provider": "provider[\"registry.terraform.io/hashicorp/azurerm\"]",
      "instances": [
        {
          "index_key": "group1-win-vm1",
          "schema_version": 0,
          "attributes": {
            "allocation_method": "Dynamic",
            "availability_zone": "No-Zone",
            "domain_name_label": null,
            "fqdn": null,
            "id": "/subscriptions/5b7f809a-a927-4d08-a194-fdc26a51e798/resourceGroups/rg_name/providers/Microsoft.Network/publicIPAddresses/group1-win-vm1-pip",
            "idle_timeout_in_minutes": 4,
            "ip_address": "",
            "ip_tags": null,
            "ip_version": "IPv4",
            "location": "canadacentral",
            "name": "group1-win-vm1-pip",
            "public_ip_prefix_id": null,
            "resource_group_name": "rg_name",
            "reverse_fqdn": null,
            "sku": "Basic",
            "sku_tier": "Regional",
            "tags": {
              "environment": "Test"
            },
            "timeouts": null,
            "zones": []
          },
          "sensitive_attributes": [],
          "private": "eyJlMmJmYjczMC1lY2FhLTExZTYtOGY4OC0zNDM2M2JjN2M0YzAiOnsiY3JlYXRlIjoxODAwMDAwMDAwMDAwLCJkZWxldGUiOjE4MDAwMDAwMDAwMDAsInJlYWQiOjMwMDAwMDAwMDAwMCwidXBkYXRlIjoxODAwMDAwMDAwMDAwfX0=",
          "dependencies": [
            "module.resource_group.azurerm_resource_group.rg_name"
          ]
        }
      ]
    },
    {
      "module": "module.vmwindows",
      "mode": "managed",
      "type": "azurerm_virtual_machine_extension",
      "name": "windowsextension",
      "provider": "provider[\"registry.terraform.io/hashicorp/azurerm\"]",
      "instances": [
        {
          "index_key": "group1-win-vm1",
          "schema_version": 0,
          "attributes": {
            "auto_upgrade_minor_version": true,
            "automatic_upgrade_enabled": false,
            "id": "/subscriptions/5b7f809a-a927-4d08-a194-fdc26a51e798/resourceGroups/rg_name/providers/Microsoft.Compute/virtualMachines/group1-win-vm1/extensions/IaaSAntimalware",
            "name": "IaaSAntimalware",
            "protected_settings": null,
            "publisher": "Microsoft.Azure.Security",
            "settings": "{\"AntimalwareEnabled\":true,\"Exclusions\":{\"Extensions\":\"\",\"Paths\":\"\",\"Processes\":\"\"},\"RealtimeProtectionEnabled\":\"true\",\"ScheduledScanSettings\":{\"day\":\"1\",\"isEnabled\":\"true\",\"scanType\":\"Quick\",\"time\":\"120\"}}",
            "tags": null,
            "timeouts": null,
            "type": "IaaSAntimalware",
            "type_handler_version": "1.3",
            "virtual_machine_id": "/subscriptions/5b7f809a-a927-4d08-a194-fdc26a51e798/resourceGroups/rg_name/providers/Microsoft.Compute/virtualMachines/group1-win-vm1"
          },
          "sensitive_attributes": [],
          "private": "eyJlMmJmYjczMC1lY2FhLTExZTYtOGY4OC0zNDM2M2JjN2M0YzAiOnsiY3JlYXRlIjoxODAwMDAwMDAwMDAwLCJkZWxldGUiOjE4MDAwMDAwMDAwMDAsInJlYWQiOjMwMDAwMDAwMDAwMCwidXBkYXRlIjoxODAwMDAwMDAwMDAwfX0=",
          "dependencies": [
            "module.network.azurerm_subnet.subnet",
            "module.network.azurerm_virtual_network.vnet",
            "module.resource_group.azurerm_resource_group.rg_name",
            "module.vmwindows.azurerm_availability_set.windows_avs",
            "module.vmwindows.azurerm_network_interface.windows_nic",
            "module.vmwindows.azurerm_public_ip.windows_pip",
            "module.vmwindows.azurerm_windows_virtual_machine.vmwindows"
          ]
        }
      ]
    },
    {
      "module": "module.vmwindows",
      "mode": "managed",
      "type": "azurerm_windows_virtual_machine",
      "name": "vmwindows",
      "provider": "provider[\"registry.terraform.io/hashicorp/azurerm\"]",
      "instances": [
        {
          "index_key": "group1-win-vm1",
          "schema_version": 0,
          "attributes": {
            "additional_capabilities": [],
            "additional_unattend_content": [],
            "admin_password": "M0h4mm3d@$\u0026#",
            "admin_username": "mohammed2473",
            "allow_extension_operations": true,
            "availability_set_id": "/subscriptions/5b7f809a-a927-4d08-a194-fdc26a51e798/resourceGroups/rg_name/providers/Microsoft.Compute/availabilitySets/WINDOWS-AVS",
            "boot_diagnostics": [],
            "computer_name": "group1-win-vm1",
            "custom_data": null,
            "dedicated_host_id": "",
            "enable_automatic_updates": true,
            "encryption_at_host_enabled": false,
            "eviction_policy": "",
            "extensions_time_budget": "PT1H30M",
            "id": "/subscriptions/5b7f809a-a927-4d08-a194-fdc26a51e798/resourceGroups/rg_name/providers/Microsoft.Compute/virtualMachines/group1-win-vm1",
            "identity": [],
            "license_type": "",
            "location": "canadacentral",
            "max_bid_price": -1,
            "name": "group1-win-vm1",
            "network_interface_ids": [
              "/subscriptions/5b7f809a-a927-4d08-a194-fdc26a51e798/resourceGroups/rg_name/providers/Microsoft.Network/networkInterfaces/group1-win-vm1-nic"
            ],
            "os_disk": [
              {
                "caching": "ReadWrite",
                "diff_disk_settings": [],
                "disk_encryption_set_id": "",
                "disk_size_gb": 127,
                "name": "group1-win-vm1-os-disk",
                "storage_account_type": "StandardSSD_LRS",
                "write_accelerator_enabled": false
              }
            ],
            "patch_mode": "AutomaticByOS",
            "plan": [],
            "platform_fault_domain": -1,
            "priority": "Regular",
            "private_ip_address": "10.0.1.6",
            "private_ip_addresses": [
              "10.0.1.6"
            ],
            "provision_vm_agent": true,
            "proximity_placement_group_id": "",
            "public_ip_address": "20.116.31.138",
            "public_ip_addresses": [
              "20.116.31.138"
            ],
            "resource_group_name": "rg_name",
            "secret": [],
            "secure_boot_enabled": false,
            "size": "Standard_B1s",
            "source_image_id": "",
            "source_image_reference": [
              {
                "offer": "WindowsServer",
                "publisher": "MicrosoftWindowsServer",
                "sku": "2016-Datacenter",
                "version": "latest"
              }
            ],
            "tags": null,
            "timeouts": null,
            "timezone": "",
            "user_data": "",
            "virtual_machine_id": "3bc3377f-02ca-49e7-890d-c053e371b338",
            "virtual_machine_scale_set_id": "",
            "vtpm_enabled": false,
            "winrm_listener": [],
            "zone": ""
          },
          "sensitive_attributes": [],
          "private": "eyJlMmJmYjczMC1lY2FhLTExZTYtOGY4OC0zNDM2M2JjN2M0YzAiOnsiY3JlYXRlIjoyNzAwMDAwMDAwMDAwLCJkZWxldGUiOjI3MDAwMDAwMDAwMDAsInJlYWQiOjMwMDAwMDAwMDAwMCwidXBkYXRlIjoyNzAwMDAwMDAwMDAwfX0=",
          "dependencies": [
            "module.network.azurerm_subnet.subnet",
            "module.network.azurerm_virtual_network.vnet",
            "module.resource_group.azurerm_resource_group.rg_name",
            "module.vmwindows.azurerm_availability_set.windows_avs",
            "module.vmwindows.azurerm_network_interface.windows_nic",
            "module.vmwindows.azurerm_public_ip.windows_pip"
          ]
        }
      ]
    }
  ]
}
